
Microsoft Visual Studio Solution File, Format Version 12.00
# Visual Studio Version 17
VisualStudioVersion = 17.1.32210.238
MinimumVisualStudioVersion = 10.0.40219.1
Project("{FAE04EC0-301F-11D3-BF4B-00C04F79EFBC}") = "InduccionSemana4", "InduccionSemana4.csproj", "{BAA13B00-1176-427F-AFBF-67DF19A70E61}"
EndProject
Global
	GlobalSection(SolutionConfigurationPlatforms) = preSolution
		Debug|Any CPU = Debug|Any CPU
		Release|Any CPU = Release|Any CPU
	EndGlobalSection
	GlobalSection(ProjectConfigurationPlatforms) = postSolution
		{BAA13B00-1176-427F-AFBF-67DF19A70E61}.Debug|Any CPU.ActiveCfg = Debug|Any CPU
		{BAA13B00-1176-427F-AFBF-67DF19A70E61}.Debug|Any CPU.Build.0 = Debug|Any CPU
		{BAA13B00-1176-427F-AFBF-67DF19A70E61}.Release|Any CPU.ActiveCfg = Release|Any CPU
		{BAA13B00-1176-427F-AFBF-67DF19A70E61}.Release|Any CPU.Build.0 = Release|Any CPU
	EndGlobalSection
	GlobalSection(SolutionProperties) = preSolution
		HideSolutionNode = FALSE
	EndGlobalSection
	GlobalSection(ExtensibilityGlobals) = postSolution
		SolutionGuid = {10B6ABC2-BE58-4F0B-8043-5034FEFCBF4C}
	EndGlobalSection
EndGlobal
